
Microsoft Visual Studio Solution File, Format Version 12.00
# Visual Studio Version 16
VisualStudioVersion = 16.0.31005.135
MinimumVisualStudioVersion = 10.0.40219.1
Project("{FAE04EC0-301F-11D3-BF4B-00C04F79EFBC}") = "GameApplication", "GameApplication\GameApplication.csproj", "{CB1049BA-A817-4E90-B510-992BDC4A7AF9}"
EndProject
Project("{FAE04EC0-301F-11D3-BF4B-00C04F79EFBC}") = "GameLibrary", "GameLibrary\GameLibrary.csproj", "{9E7F70FD-9DB9-4687-A347-BC845D1E3638}"
EndProject
Global
	GlobalSection(SolutionConfigurationPlatforms) = preSolution
		Debug|Any CPU = Debug|Any CPU
		Release|Any CPU = Release|Any CPU
	EndGlobalSection
	GlobalSection(ProjectConfigurationPlatforms) = postSolution
		{CB1049BA-A817-4E90-B510-992BDC4A7AF9}.Debug|Any CPU.ActiveCfg = Debug|Any CPU
		{CB1049BA-A817-4E90-B510-992BDC4A7AF9}.Debug|Any CPU.Build.0 = Debug|Any CPU
		{CB1049BA-A817-4E90-B510-992BDC4A7AF9}.Release|Any CPU.ActiveCfg = Release|Any CPU
		{CB1049BA-A817-4E90-B510-992BDC4A7AF9}.Release|Any CPU.Build.0 = Release|Any CPU
		{9E7F70FD-9DB9-4687-A347-BC845D1E3638}.Debug|Any CPU.ActiveCfg = Debug|Any CPU
		{9E7F70FD-9DB9-4687-A347-BC845D1E3638}.Debug|Any CPU.Build.0 = Debug|Any CPU
		{9E7F70FD-9DB9-4687-A347-BC845D1E3638}.Release|Any CPU.ActiveCfg = Release|Any CPU
		{9E7F70FD-9DB9-4687-A347-BC845D1E3638}.Release|Any CPU.Build.0 = Release|Any CPU
	EndGlobalSection
	GlobalSection(SolutionProperties) = preSolution
		HideSolutionNode = FALSE
	EndGlobalSection
	GlobalSection(ExtensibilityGlobals) = postSolution
		SolutionGuid = {648721B2-A955-4801-9460-C582DBA1EC28}
	EndGlobalSection
EndGlobal
